
Microsoft Visual Studio Solution File, Format Version 12.00
# Visual Studio Version 17
VisualStudioVersion = 17.9.34701.34
MinimumVisualStudioVersion = 10.0.40219.1
Project("{FAE04EC0-301F-11D3-BF4B-00C04F79EFBC}") = "Restaurant.Api", "Restaurant.Api\Restaurant.Api.csproj", "{A38CF979-1FB3-42C1-BD3D-C8DEB76D8088}"
EndProject
Project("{FAE04EC0-301F-11D3-BF4B-00C04F79EFBC}") = "Restaurant.Domain", "Restaurant.Domain\Restaurant.Domain.csproj", "{349CBD65-3DC1-4CD7-9D87-939D3529E377}"
EndProject
Project("{FAE04EC0-301F-11D3-BF4B-00C04F79EFBC}") = "Restaurant.Application", "Restaurant.Application\Restaurant.Application.csproj", "{DDE40A7C-8897-4BCE-86C6-BEF1C2A0AB5D}"
EndProject
Project("{FAE04EC0-301F-11D3-BF4B-00C04F79EFBC}") = "Restaurant.Infrastructure", "Restaurant.Infrastructure\Restaurant.Infrastructure.csproj", "{9B2AE851-0F2F-49A9-BB26-2A0C0777AC08}"
EndProject
Global
	GlobalSection(SolutionConfigurationPlatforms) = preSolution
		Debug|Any CPU = Debug|Any CPU
		Release|Any CPU = Release|Any CPU
	EndGlobalSection
	GlobalSection(ProjectConfigurationPlatforms) = postSolution
		{A38CF979-1FB3-42C1-BD3D-C8DEB76D8088}.Debug|Any CPU.ActiveCfg = Debug|Any CPU
		{A38CF979-1FB3-42C1-BD3D-C8DEB76D8088}.Debug|Any CPU.Build.0 = Debug|Any CPU
		{A38CF979-1FB3-42C1-BD3D-C8DEB76D8088}.Release|Any CPU.ActiveCfg = Release|Any CPU
		{A38CF979-1FB3-42C1-BD3D-C8DEB76D8088}.Release|Any CPU.Build.0 = Release|Any CPU
		{349CBD65-3DC1-4CD7-9D87-939D3529E377}.Debug|Any CPU.ActiveCfg = Debug|Any CPU
		{349CBD65-3DC1-4CD7-9D87-939D3529E377}.Debug|Any CPU.Build.0 = Debug|Any CPU
		{349CBD65-3DC1-4CD7-9D87-939D3529E377}.Release|Any CPU.ActiveCfg = Release|Any CPU
		{349CBD65-3DC1-4CD7-9D87-939D3529E377}.Release|Any CPU.Build.0 = Release|Any CPU
		{DDE40A7C-8897-4BCE-86C6-BEF1C2A0AB5D}.Debug|Any CPU.ActiveCfg = Debug|Any CPU
		{DDE40A7C-8897-4BCE-86C6-BEF1C2A0AB5D}.Debug|Any CPU.Build.0 = Debug|Any CPU
		{DDE40A7C-8897-4BCE-86C6-BEF1C2A0AB5D}.Release|Any CPU.ActiveCfg = Release|Any CPU
		{DDE40A7C-8897-4BCE-86C6-BEF1C2A0AB5D}.Release|Any CPU.Build.0 = Release|Any CPU
		{9B2AE851-0F2F-49A9-BB26-2A0C0777AC08}.Debug|Any CPU.ActiveCfg = Debug|Any CPU
		{9B2AE851-0F2F-49A9-BB26-2A0C0777AC08}.Debug|Any CPU.Build.0 = Debug|Any CPU
		{9B2AE851-0F2F-49A9-BB26-2A0C0777AC08}.Release|Any CPU.ActiveCfg = Release|Any CPU
		{9B2AE851-0F2F-49A9-BB26-2A0C0777AC08}.Release|Any CPU.Build.0 = Release|Any CPU
	EndGlobalSection
	GlobalSection(SolutionProperties) = preSolution
		HideSolutionNode = FALSE
	EndGlobalSection
	GlobalSection(ExtensibilityGlobals) = postSolution
		SolutionGuid = {33232648-CD5C-41B7-875A-36934F78B34F}
	EndGlobalSection
EndGlobal
